
Microsoft Visual Studio Solution File, Format Version 12.00
# Visual Studio Version 17
VisualStudioVersion = 17.13.35825.156 d17.13
MinimumVisualStudioVersion = 10.0.40219.1
Project("{FAE04EC0-301F-11D3-BF4B-00C04F79EFBC}") = "Stone and Wood Generator", "Stone and Wood Generator.csproj", "{AAF07BF2-1D1D-43BD-BFE5-7C260D4FA595}"
EndProject
Global
	GlobalSection(SolutionConfigurationPlatforms) = preSolution
		Debug|Any CPU = Debug|Any CPU
		Release|Any CPU = Release|Any CPU
	EndGlobalSection
	GlobalSection(ProjectConfigurationPlatforms) = postSolution
		{AAF07BF2-1D1D-43BD-BFE5-7C260D4FA595}.Debug|Any CPU.ActiveCfg = Debug|Any CPU
		{AAF07BF2-1D1D-43BD-BFE5-7C260D4FA595}.Debug|Any CPU.Build.0 = Debug|Any CPU
		{AAF07BF2-1D1D-43BD-BFE5-7C260D4FA595}.Release|Any CPU.ActiveCfg = Release|Any CPU
		{AAF07BF2-1D1D-43BD-BFE5-7C260D4FA595}.Release|Any CPU.Build.0 = Release|Any CPU
	EndGlobalSection
	GlobalSection(SolutionProperties) = preSolution
		HideSolutionNode = FALSE
	EndGlobalSection
	GlobalSection(ExtensibilityGlobals) = postSolution
		SolutionGuid = {E691F532-4C86-4A22-8A88-7A5FEFF786BA}
	EndGlobalSection
EndGlobal
